
Microsoft Visual Studio Solution File, Format Version 12.00
# Visual Studio Version 17
VisualStudioVersion = 17.5.33516.290
MinimumVisualStudioVersion = 10.0.40219.1
Project("{8BC9CEB8-8B4A-11D0-8D11-00A0C91BC942}") = "OpenGLPlayground", "OpenGLPlayground.vcxproj", "{0FD2C1C0-C663-4534-86BD-D408FA2F6490}"
EndProject
Global
	GlobalSection(SolutionConfigurationPlatforms) = preSolution
		Debug|x64 = Debug|x64
		Debug|x86 = Debug|x86
		Release|x64 = Release|x64
		Release|x86 = Release|x86
	EndGlobalSection
	GlobalSection(ProjectConfigurationPlatforms) = postSolution
		{0FD2C1C0-C663-4534-86BD-D408FA2F6490}.Debug|x64.ActiveCfg = Debug|x64
		{0FD2C1C0-C663-4534-86BD-D408FA2F6490}.Debug|x64.Build.0 = Debug|x64
		{0FD2C1C0-C663-4534-86BD-D408FA2F6490}.Debug|x86.ActiveCfg = Debug|Win32
		{0FD2C1C0-C663-4534-86BD-D408FA2F6490}.Debug|x86.Build.0 = Debug|Win32
		{0FD2C1C0-C663-4534-86BD-D408FA2F6490}.Release|x64.ActiveCfg = Release|x64
		{0FD2C1C0-C663-4534-86BD-D408FA2F6490}.Release|x64.Build.0 = Release|x64
		{0FD2C1C0-C663-4534-86BD-D408FA2F6490}.Release|x86.ActiveCfg = Release|Win32
		{0FD2C1C0-C663-4534-86BD-D408FA2F6490}.Release|x86.Build.0 = Release|Win32
	EndGlobalSection
	GlobalSection(SolutionProperties) = preSolution
		HideSolutionNode = FALSE
	EndGlobalSection
	GlobalSection(ExtensibilityGlobals) = postSolution
		SolutionGuid = {DA435F59-BAA5-465C-A1B8-C86997548A29}
	EndGlobalSection
EndGlobal
